
Microsoft Visual Studio Solution File, Format Version 12.00
# Visual Studio Version 16
VisualStudioVersion = 16.0.29102.190
MinimumVisualStudioVersion = 10.0.40219.1
Project("{E24C65DC-7377-472B-9ABA-BC803B73C61A}") = "TCS.AMS.Solution", ".", "{98732E58-36AD-47F5-B0B4-6EBDF28B5ED5}"
	ProjectSection(WebsiteProperties) = preProject
		TargetFrameworkMoniker = ".NETFramework,Version%3Dv4.6.1"
		Debug.AspNetCompiler.VirtualPath = "/localhost_49915"
		Debug.AspNetCompiler.PhysicalPath = "F:\TCSTFS Repos\TCS.AMS.Solution\"
		Debug.AspNetCompiler.TargetPath = "PrecompiledWeb\localhost_49915\"
		Debug.AspNetCompiler.Updateable = "true"
		Debug.AspNetCompiler.ForceOverwrite = "true"
		Debug.AspNetCompiler.FixedNames = "false"
		Debug.AspNetCompiler.Debug = "True"
		Release.AspNetCompiler.VirtualPath = "/localhost_49915"
		Release.AspNetCompiler.PhysicalPath = "F:\TCSTFS Repos\TCS.AMS.Solution\"
		Release.AspNetCompiler.TargetPath = "PrecompiledWeb\localhost_49915\"
		Release.AspNetCompiler.Updateable = "true"
		Release.AspNetCompiler.ForceOverwrite = "true"
		Release.AspNetCompiler.FixedNames = "false"
		Release.AspNetCompiler.Debug = "False"
		VWDPort = "49915"
	EndProjectSection
EndProject
Global
	GlobalSection(SolutionConfigurationPlatforms) = preSolution
		Debug|Any CPU = Debug|Any CPU
	EndGlobalSection
	GlobalSection(ProjectConfigurationPlatforms) = postSolution
		{98732E58-36AD-47F5-B0B4-6EBDF28B5ED5}.Debug|Any CPU.ActiveCfg = Debug|Any CPU
		{98732E58-36AD-47F5-B0B4-6EBDF28B5ED5}.Debug|Any CPU.Build.0 = Debug|Any CPU
	EndGlobalSection
	GlobalSection(SolutionProperties) = preSolution
		HideSolutionNode = FALSE
	EndGlobalSection
	GlobalSection(ExtensibilityGlobals) = postSolution
		SolutionGuid = {8E3EE6BA-7E96-48F9-B9C3-4A879C8913CF}
	EndGlobalSection
EndGlobal
